
Microsoft Visual Studio Solution File, Format Version 12.00
# Visual Studio Version 16
VisualStudioVersion = 16.0.32802.440
MinimumVisualStudioVersion = 10.0.40219.1
Project("{8BC9CEB8-8B4A-11D0-8D11-00A0C91BC942}") = "Example16.17", "Example16.17.vcxproj", "{096F6006-5D42-40D4-8325-9C830994640C}"
EndProject
Global
	GlobalSection(SolutionConfigurationPlatforms) = preSolution
		Debug|x64 = Debug|x64
		Debug|x86 = Debug|x86
		Release|x64 = Release|x64
		Release|x86 = Release|x86
	EndGlobalSection
	GlobalSection(ProjectConfigurationPlatforms) = postSolution
		{096F6006-5D42-40D4-8325-9C830994640C}.Debug|x64.ActiveCfg = Debug|x64
		{096F6006-5D42-40D4-8325-9C830994640C}.Debug|x64.Build.0 = Debug|x64
		{096F6006-5D42-40D4-8325-9C830994640C}.Debug|x86.ActiveCfg = Debug|Win32
		{096F6006-5D42-40D4-8325-9C830994640C}.Debug|x86.Build.0 = Debug|Win32
		{096F6006-5D42-40D4-8325-9C830994640C}.Release|x64.ActiveCfg = Release|x64
		{096F6006-5D42-40D4-8325-9C830994640C}.Release|x64.Build.0 = Release|x64
		{096F6006-5D42-40D4-8325-9C830994640C}.Release|x86.ActiveCfg = Release|Win32
		{096F6006-5D42-40D4-8325-9C830994640C}.Release|x86.Build.0 = Release|Win32
	EndGlobalSection
	GlobalSection(SolutionProperties) = preSolution
		HideSolutionNode = FALSE
	EndGlobalSection
	GlobalSection(ExtensibilityGlobals) = postSolution
		SolutionGuid = {1B3ABE21-5A7E-4AAB-9421-48699AFE33CF}
	EndGlobalSection
EndGlobal
